{
  "name": "tank-game-tests",
  "version": "1.0.0",
  "lockfileVersion": 3,
  "requires": true,
  "packages": {
    "": {
      "name": "tank-game-tests",
      "version": "1.0.0",
      "dependencies": {
        "colyseus.js": "^0.15.10",
        "minimist": "^1.2.8"
      }
    },
    "node_modules/@colyseus/schema": {
      "version": "2.0.36",
      "resolved": "https://registry.npmjs.org/@colyseus/schema/-/schema-2.0.36.tgz",
      "integrity": "sha512-v/rHN155kFLwCPPBi+HQlbYBqh6tH3IhSVARrkAd/PLylysugbXLm2fLpX4NlEcnCakMuenXSIbhMDPXc7/jUg==",
      "bin": {
        "schema-codegen": "bin/schema-codegen"
      }
    },
    "node_modules/colyseus.js": {
      "version": "0.15.27",
      "resolved": "https://registry.npmjs.org/colyseus.js/-/colyseus.js-0.15.27.tgz",
      "integrity": "sha512-ppBsernWa2YG1zsPTIeb++AQtpLTwzvbUogiTVu3HhoL6KR1kLc07QPOYG+vSUFTG2D6NyLhKGflU31CTeOF0g==",
      "dependencies": {
        "@colyseus/schema": "^2.0.4",
        "httpie": "^2.0.0-next.13",
        "tslib": "^2.1.0",
        "ws": "^8.13.0"
      },
      "engines": {
        "node": ">= 12.x"
      },
      "funding": {
        "url": "https://github.com/sponsors/endel"
      }
    },
    "node_modules/colyseus.js/node_modules/ws": {
      "version": "8.18.1",
      "resolved": "https://registry.npmjs.org/ws/-/ws-8.18.1.tgz",
      "integrity": "sha512-RKW2aJZMXeMxVpnZ6bck+RswznaxmzdULiBr6KY7XkTnW8uvt0iT9H5DkHUChXrc+uurzwa0rVI16n/Xzjdz1w==",
      "engines": {
        "node": ">=10.0.0"
      },
      "peerDependencies": {
        "bufferutil": "^4.0.1",
        "utf-8-validate": ">=5.0.2"
      },
      "peerDependenciesMeta": {
        "bufferutil": {
          "optional": true
        },
        "utf-8-validate": {
          "optional": true
        }
      }
    },
    "node_modules/httpie": {
      "version": "2.0.0-next.13",
      "resolved": "https://registry.npmjs.org/httpie/-/httpie-2.0.0-next.13.tgz",
      "integrity": "sha512-KbKOnq8wt0hVEfteYCSnEsPgzaWxcVc4qZ4OaDU9mVOYLRo3XChjWs3MiuRgFu5y+4JDo7sDKdKzkAn1ljQYFA==",
      "engines": {
        "node": ">=10"
      }
    },
    "node_modules/minimist": {
      "version": "1.2.8",
      "resolved": "https://registry.npmjs.org/minimist/-/minimist-1.2.8.tgz",
      "integrity": "sha512-2yyAR8qBkN3YuheJanUpWC5U3bb5osDywNB8RzDVlDwDHbocAJveqqj1u8+SVD7jkWT4yvsHCpWqqWqAxb0zCA==",
      "license": "MIT",
      "funding": {
        "url": "https://github.com/sponsors/ljharb"
      }
    },
    "node_modules/tslib": {
      "version": "2.8.1",
      "resolved": "https://registry.npmjs.org/tslib/-/tslib-2.8.1.tgz",
      "integrity": "sha512-oJFu94HQb+KVduSUQL7wnpmqnfmLsOA/nAh6b6EH0wCEoK0/mPeXU6c3wKDV83MkOuHPRHtSXKKU99IBazS/2w==",
      "license": "0BSD"
    }
  }
}
